
Microsoft Visual Studio Solution File, Format Version 12.00
# Visual Studio Version 17
VisualStudioVersion = 17.9.34723.18
MinimumVisualStudioVersion = 10.0.40219.1
Project("{9A19103F-16F7-4668-BE54-9A1E7A4F7556}") = "v.0.1", "v.0.1\v.0.1.csproj", "{5C7DB62B-055C-4072-8724-6B276C0BE2A0}"
EndProject
Project("{9A19103F-16F7-4668-BE54-9A1E7A4F7556}") = "v.0.2", "v.0.2\v.0.2.csproj", "{F06091E2-4163-4571-89E6-034AD2BB05F8}"
EndProject
Project("{9A19103F-16F7-4668-BE54-9A1E7A4F7556}") = "v.0.3", "v.0.3\v.0.3.csproj", "{DC0A22E8-756B-4AF2-B53E-A4EEC402BC33}"
EndProject
Project("{FAE04EC0-301F-11D3-BF4B-00C04F79EFBC}") = "v.0.4", "v.0.4\v.0.4.csproj", "{B7E9D3DC-FAA5-41F9-9D25-6EDB85E6BDB5}"
EndProject
Global
	GlobalSection(SolutionConfigurationPlatforms) = preSolution
		Debug|Any CPU = Debug|Any CPU
		Release|Any CPU = Release|Any CPU
	EndGlobalSection
	GlobalSection(ProjectConfigurationPlatforms) = postSolution
		{5C7DB62B-055C-4072-8724-6B276C0BE2A0}.Debug|Any CPU.ActiveCfg = Debug|Any CPU
		{5C7DB62B-055C-4072-8724-6B276C0BE2A0}.Debug|Any CPU.Build.0 = Debug|Any CPU
		{5C7DB62B-055C-4072-8724-6B276C0BE2A0}.Release|Any CPU.ActiveCfg = Release|Any CPU
		{5C7DB62B-055C-4072-8724-6B276C0BE2A0}.Release|Any CPU.Build.0 = Release|Any CPU
		{F06091E2-4163-4571-89E6-034AD2BB05F8}.Debug|Any CPU.ActiveCfg = Debug|Any CPU
		{F06091E2-4163-4571-89E6-034AD2BB05F8}.Debug|Any CPU.Build.0 = Debug|Any CPU
		{F06091E2-4163-4571-89E6-034AD2BB05F8}.Release|Any CPU.ActiveCfg = Release|Any CPU
		{F06091E2-4163-4571-89E6-034AD2BB05F8}.Release|Any CPU.Build.0 = Release|Any CPU
		{DC0A22E8-756B-4AF2-B53E-A4EEC402BC33}.Debug|Any CPU.ActiveCfg = Debug|Any CPU
		{DC0A22E8-756B-4AF2-B53E-A4EEC402BC33}.Debug|Any CPU.Build.0 = Debug|Any CPU
		{DC0A22E8-756B-4AF2-B53E-A4EEC402BC33}.Release|Any CPU.ActiveCfg = Release|Any CPU
		{DC0A22E8-756B-4AF2-B53E-A4EEC402BC33}.Release|Any CPU.Build.0 = Release|Any CPU
		{B7E9D3DC-FAA5-41F9-9D25-6EDB85E6BDB5}.Debug|Any CPU.ActiveCfg = Debug|Any CPU
		{B7E9D3DC-FAA5-41F9-9D25-6EDB85E6BDB5}.Debug|Any CPU.Build.0 = Debug|Any CPU
		{B7E9D3DC-FAA5-41F9-9D25-6EDB85E6BDB5}.Release|Any CPU.ActiveCfg = Release|Any CPU
		{B7E9D3DC-FAA5-41F9-9D25-6EDB85E6BDB5}.Release|Any CPU.Build.0 = Release|Any CPU
	EndGlobalSection
	GlobalSection(SolutionProperties) = preSolution
		HideSolutionNode = FALSE
	EndGlobalSection
	GlobalSection(ExtensibilityGlobals) = postSolution
		SolutionGuid = {488CD710-161E-44D4-B830-6688FFC5C1D1}
	EndGlobalSection
EndGlobal
